
Microsoft Visual Studio Solution File, Format Version 12.00
# Visual Studio Version 16
VisualStudioVersion = 16.0.30406.217
MinimumVisualStudioVersion = 10.0.40219.1
Project("{FAE04EC0-301F-11D3-BF4B-00C04F79EFBC}") = "AdvancedControls", "AdvancedControls\AdvancedControls.csproj", "{0EABF385-EB8F-4172-9549-2548ED330B3F}"
EndProject
Global
	GlobalSection(SolutionConfigurationPlatforms) = preSolution
		Debug|Any CPU = Debug|Any CPU
		Debug|iPhone = Debug|iPhone
		Debug|iPhoneSimulator = Debug|iPhoneSimulator
		Release|Any CPU = Release|Any CPU
		Release|iPhone = Release|iPhone
		Release|iPhoneSimulator = Release|iPhoneSimulator
	EndGlobalSection
	GlobalSection(ProjectConfigurationPlatforms) = postSolution
		{0EABF385-EB8F-4172-9549-2548ED330B3F}.Debug|Any CPU.ActiveCfg = Debug|Any CPU
		{0EABF385-EB8F-4172-9549-2548ED330B3F}.Debug|Any CPU.Build.0 = Debug|Any CPU
		{0EABF385-EB8F-4172-9549-2548ED330B3F}.Debug|iPhone.ActiveCfg = Debug|Any CPU
		{0EABF385-EB8F-4172-9549-2548ED330B3F}.Debug|iPhone.Build.0 = Debug|Any CPU
		{0EABF385-EB8F-4172-9549-2548ED330B3F}.Debug|iPhoneSimulator.ActiveCfg = Debug|Any CPU
		{0EABF385-EB8F-4172-9549-2548ED330B3F}.Debug|iPhoneSimulator.Build.0 = Debug|Any CPU
		{0EABF385-EB8F-4172-9549-2548ED330B3F}.Release|Any CPU.ActiveCfg = Release|Any CPU
		{0EABF385-EB8F-4172-9549-2548ED330B3F}.Release|Any CPU.Build.0 = Release|Any CPU
		{0EABF385-EB8F-4172-9549-2548ED330B3F}.Release|iPhone.ActiveCfg = Release|Any CPU
		{0EABF385-EB8F-4172-9549-2548ED330B3F}.Release|iPhone.Build.0 = Release|Any CPU
		{0EABF385-EB8F-4172-9549-2548ED330B3F}.Release|iPhoneSimulator.ActiveCfg = Release|Any CPU
		{0EABF385-EB8F-4172-9549-2548ED330B3F}.Release|iPhoneSimulator.Build.0 = Release|Any CPU
		{C5B5A146-39AD-45A6-AC9B-CD9A6F159794}.Debug|Any CPU.ActiveCfg = Debug|Any CPU
		{C5B5A146-39AD-45A6-AC9B-CD9A6F159794}.Debug|Any CPU.Build.0 = Debug|Any CPU
		{C5B5A146-39AD-45A6-AC9B-CD9A6F159794}.Debug|Any CPU.Deploy.0 = Debug|Any CPU
		{C5B5A146-39AD-45A6-AC9B-CD9A6F159794}.Debug|iPhone.ActiveCfg = Debug|Any CPU
		{C5B5A146-39AD-45A6-AC9B-CD9A6F159794}.Debug|iPhone.Build.0 = Debug|Any CPU
		{C5B5A146-39AD-45A6-AC9B-CD9A6F159794}.Debug|iPhone.Deploy.0 = Debug|Any CPU
		{C5B5A146-39AD-45A6-AC9B-CD9A6F159794}.Debug|iPhoneSimulator.ActiveCfg = Debug|Any CPU
		{C5B5A146-39AD-45A6-AC9B-CD9A6F159794}.Debug|iPhoneSimulator.Build.0 = Debug|Any CPU
		{C5B5A146-39AD-45A6-AC9B-CD9A6F159794}.Debug|iPhoneSimulator.Deploy.0 = Debug|Any CPU
		{C5B5A146-39AD-45A6-AC9B-CD9A6F159794}.Release|Any CPU.ActiveCfg = Release|Any CPU
		{C5B5A146-39AD-45A6-AC9B-CD9A6F159794}.Release|Any CPU.Build.0 = Release|Any CPU
		{C5B5A146-39AD-45A6-AC9B-CD9A6F159794}.Release|Any CPU.Deploy.0 = Release|Any CPU
		{C5B5A146-39AD-45A6-AC9B-CD9A6F159794}.Release|iPhone.ActiveCfg = Release|Any CPU
		{C5B5A146-39AD-45A6-AC9B-CD9A6F159794}.Release|iPhone.Build.0 = Release|Any CPU
		{C5B5A146-39AD-45A6-AC9B-CD9A6F159794}.Release|iPhone.Deploy.0 = Release|Any CPU
		{C5B5A146-39AD-45A6-AC9B-CD9A6F159794}.Release|iPhoneSimulator.ActiveCfg = Release|Any CPU
		{C5B5A146-39AD-45A6-AC9B-CD9A6F159794}.Release|iPhoneSimulator.Build.0 = Release|Any CPU
		{C5B5A146-39AD-45A6-AC9B-CD9A6F159794}.Release|iPhoneSimulator.Deploy.0 = Release|Any CPU
		{E053B6FB-693D-4AE5-A238-B184E04784D2}.Debug|Any CPU.ActiveCfg = Debug|iPhone
		{E053B6FB-693D-4AE5-A238-B184E04784D2}.Debug|iPhone.ActiveCfg = Debug|iPhone
		{E053B6FB-693D-4AE5-A238-B184E04784D2}.Debug|iPhone.Build.0 = Debug|iPhone
		{E053B6FB-693D-4AE5-A238-B184E04784D2}.Debug|iPhoneSimulator.ActiveCfg = Debug|iPhoneSimulator
		{E053B6FB-693D-4AE5-A238-B184E04784D2}.Debug|iPhoneSimulator.Build.0 = Debug|iPhoneSimulator
		{E053B6FB-693D-4AE5-A238-B184E04784D2}.Release|Any CPU.ActiveCfg = Release|iPhone
		{E053B6FB-693D-4AE5-A238-B184E04784D2}.Release|iPhone.ActiveCfg = Release|iPhone
		{E053B6FB-693D-4AE5-A238-B184E04784D2}.Release|iPhone.Build.0 = Release|iPhone
		{E053B6FB-693D-4AE5-A238-B184E04784D2}.Release|iPhoneSimulator.ActiveCfg = Release|iPhoneSimulator
		{E053B6FB-693D-4AE5-A238-B184E04784D2}.Release|iPhoneSimulator.Build.0 = Release|iPhoneSimulator
		{3E946630-BF7F-443A-92BA-DBDA1ECD9226}.Debug|Any CPU.ActiveCfg = Debug|Any CPU
		{3E946630-BF7F-443A-92BA-DBDA1ECD9226}.Debug|Any CPU.Build.0 = Debug|Any CPU
		{3E946630-BF7F-443A-92BA-DBDA1ECD9226}.Debug|iPhone.ActiveCfg = Debug|Any CPU
		{3E946630-BF7F-443A-92BA-DBDA1ECD9226}.Debug|iPhone.Build.0 = Debug|Any CPU
		{3E946630-BF7F-443A-92BA-DBDA1ECD9226}.Debug|iPhoneSimulator.ActiveCfg = Debug|Any CPU
		{3E946630-BF7F-443A-92BA-DBDA1ECD9226}.Debug|iPhoneSimulator.Build.0 = Debug|Any CPU
		{3E946630-BF7F-443A-92BA-DBDA1ECD9226}.Release|Any CPU.ActiveCfg = Release|Any CPU
		{3E946630-BF7F-443A-92BA-DBDA1ECD9226}.Release|Any CPU.Build.0 = Release|Any CPU
		{3E946630-BF7F-443A-92BA-DBDA1ECD9226}.Release|iPhone.ActiveCfg = Release|Any CPU
		{3E946630-BF7F-443A-92BA-DBDA1ECD9226}.Release|iPhone.Build.0 = Release|Any CPU
		{3E946630-BF7F-443A-92BA-DBDA1ECD9226}.Release|iPhoneSimulator.ActiveCfg = Release|Any CPU
		{3E946630-BF7F-443A-92BA-DBDA1ECD9226}.Release|iPhoneSimulator.Build.0 = Release|Any CPU
	EndGlobalSection
	GlobalSection(SolutionProperties) = preSolution
		HideSolutionNode = FALSE
	EndGlobalSection
	GlobalSection(ExtensibilityGlobals) = postSolution
		SolutionGuid = {B50B1934-AB9B-445C-8617-2CD914C41785}
	EndGlobalSection
EndGlobal
